// !$*UTF8*$!
{
	archiveVersion = 1;
	classes = {
	};
	objectVersion = 55;
	objects = {

/* Begin PBXBuildFile section */
		8CFDE143274F25D4008E4E1E /* AppDelegate.swift in Sources */ = {isa = PBXBuildFile; fileRef = 8CFDE142274F25D4008E4E1E /* AppDelegate.swift */; };
		8CFDE145274F25D4008E4E1E /* SceneDelegate.swift in Sources */ = {isa = PBXBuildFile; fileRef = 8CFDE144274F25D4008E4E1E /* SceneDelegate.swift */; };
		8CFDE14C274F25D5008E4E1E /* Assets.xcassets in Resources */ = {isa = PBXBuildFile; fileRef = 8CFDE14B274F25D5008E4E1E /* Assets.xcassets */; };
		8CFDE14F274F25D5008E4E1E /* LaunchScreen.storyboard in Resources */ = {isa = PBXBuildFile; fileRef = 8CFDE14D274F25D5008E4E1E /* LaunchScreen.storyboard */; };
		8CFDE158274F2633008E4E1E /* SnapKit in Frameworks */ = {isa = PBXBuildFile; productRef = 8CFDE157274F2633008E4E1E /* SnapKit */; };
		8CFDE15B274F266F008E4E1E /* Alamofire in Frameworks */ = {isa = PBXBuildFile; productRef = 8CFDE15A274F266F008E4E1E /* Alamofire */; };
		8CFDE15D274F283F008E4E1E /* StationSearchViewController.swift in Sources */ = {isa = PBXBuildFile; fileRef = 8CFDE15C274F283F008E4E1E /* StationSearchViewController.swift */; };
		8CFDE160274F33CA008E4E1E /* StationResponseModel.swift in Sources */ = {isa = PBXBuildFile; fileRef = 8CFDE15F274F33CA008E4E1E /* StationResponseModel.swift */; };
		8CFDE162274F6579008E4E1E /* StationDetailViewController.swift in Sources */ = {isa = PBXBuildFile; fileRef = 8CFDE161274F6579008E4E1E /* StationDetailViewController.swift */; };
		8CFDE164274F7493008E4E1E /* StationDetailCollectionViewCell.swift in Sources */ = {isa = PBXBuildFile; fileRef = 8CFDE163274F7493008E4E1E /* StationDetailCollectionViewCell.swift */; };
		8CFDE166274F74B3008E4E1E /* StationArrivalDatResponseModel.swift in Sources */ = {isa = PBXBuildFile; fileRef = 8CFDE165274F74B3008E4E1E /* StationArrivalDatResponseModel.swift */; };
/* End PBXBuildFile section */

/* Begin PBXFileReference section */
		8CFDE13F274F25D4008E4E1E /* SubwayStation.app */ = {isa = PBXFileReference; explicitFileType = wrapper.application; includeInIndex = 0; path = SubwayStation.app; sourceTree = BUILT_PRODUCTS_DIR; };
		8CFDE142274F25D4008E4E1E /* AppDelegate.swift */ = {isa = PBXFileReference; lastKnownFileType = sourcecode.swift; path = AppDelegate.swift; sourceTree = "<group>"; };
		8CFDE144274F25D4008E4E1E /* SceneDelegate.swift */ = {isa = PBXFileReference; lastKnownFileType = sourcecode.swift; path = SceneDelegate.swift; sourceTree = "<group>"; };
		8CFDE14B274F25D5008E4E1E /* Assets.xcassets */ = {isa = PBXFileReference; lastKnownFileType = folder.assetcatalog; path = Assets.xcassets; sourceTree = "<group>"; };
		8CFDE14E274F25D5008E4E1E /* Base */ = {isa = PBXFileReference; lastKnownFileType = file.storyboard; name = Base; path = Base.lproj/LaunchScreen.storyboard; sourceTree = "<group>"; };
		8CFDE150274F25D5008E4E1E /* Info.plist */ = {isa = PBXFileReference; lastKnownFileType = text.plist.xml; path = Info.plist; sourceTree = "<group>"; };
		8CFDE15C274F283F008E4E1E /* StationSearchViewController.swift */ = {isa = PBXFileReference; lastKnownFileType = sourcecode.swift; path = StationSearchViewController.swift; sourceTree = "<group>"; };
		8CFDE15F274F33CA008E4E1E /* StationResponseModel.swift */ = {isa = PBXFileReference; lastKnownFileType = sourcecode.swift; path = StationResponseModel.swift; sourceTree = "<group>"; };
		8CFDE161274F6579008E4E1E /* StationDetailViewController.swift */ = {isa = PBXFileReference; lastKnownFileType = sourcecode.swift; path = StationDetailViewController.swift; sourceTree = "<group>"; };
		8CFDE163274F7493008E4E1E /* StationDetailCollectionViewCell.swift */ = {isa = PBXFileReference; lastKnownFileType = sourcecode.swift; path = StationDetailCollectionViewCell.swift; sourceTree = "<group>"; };
		8CFDE165274F74B3008E4E1E /* StationArrivalDatResponseModel.swift */ = {isa = PBXFileReference; lastKnownFileType = sourcecode.swift; path = StationArrivalDatResponseModel.swift; sourceTree = "<group>"; };
/* End PBXFileReference section */

/* Begin PBXFrameworksBuildPhase section */
		8CFDE13C274F25D4008E4E1E /* Frameworks */ = {
			isa = PBXFrameworksBuildPhase;
			buildActionMask = 2147483647;
			files = (
				8CFDE158274F2633008E4E1E /* SnapKit in Frameworks */,
				8CFDE15B274F266F008E4E1E /* Alamofire in Frameworks */,
			);
			runOnlyForDeploymentPostprocessing = 0;
		};
/* End PBXFrameworksBuildPhase section */

/* Begin PBXGroup section */
		8CFDE136274F25D4008E4E1E = {
			isa = PBXGroup;
			children = (
				8CFDE141274F25D4008E4E1E /* SubwayStation */,
				8CFDE140274F25D4008E4E1E /* Products */,
			);
			sourceTree = "<group>";
		};
		8CFDE140274F25D4008E4E1E /* Products */ = {
			isa = PBXGroup;
			children = (
				8CFDE13F274F25D4008E4E1E /* SubwayStation.app */,
			);
			name = Products;
			sourceTree = "<group>";
		};
		8CFDE141274F25D4008E4E1E /* SubwayStation */ = {
			isa = PBXGroup;
			children = (
				8CFDE142274F25D4008E4E1E /* AppDelegate.swift */,
				8CFDE144274F25D4008E4E1E /* SceneDelegate.swift */,
				8CFDE15F274F33CA008E4E1E /* StationResponseModel.swift */,
				8CFDE165274F74B3008E4E1E /* StationArrivalDatResponseModel.swift */,
				8CFDE15E274F287D008E4E1E /* Scenes */,
				8CFDE14B274F25D5008E4E1E /* Assets.xcassets */,
				8CFDE14D274F25D5008E4E1E /* LaunchScreen.storyboard */,
				8CFDE150274F25D5008E4E1E /* Info.plist */,
			);
			path = SubwayStation;
			sourceTree = "<group>";
		};
		8CFDE15E274F287D008E4E1E /* Scenes */ = {
			isa = PBXGroup;
			children = (
				8CFDE15C274F283F008E4E1E /* StationSearchViewController.swift */,
				8CFDE161274F6579008E4E1E /* StationDetailViewController.swift */,
				8CFDE163274F7493008E4E1E /* StationDetailCollectionViewCell.swift */,
			);
			name = Scenes;
			sourceTree = "<group>";
		};
/* End PBXGroup section */

/* Begin PBXNativeTarget section */
		8CFDE13E274F25D4008E4E1E /* SubwayStation */ = {
			isa = PBXNativeTarget;
			buildConfigurationList = 8CFDE153274F25D5008E4E1E /* Build configuration list for PBXNativeTarget "SubwayStation" */;
			buildPhases = (
				8CFDE13B274F25D4008E4E1E /* Sources */,
				8CFDE13C274F25D4008E4E1E /* Frameworks */,
				8CFDE13D274F25D4008E4E1E /* Resources */,
			);
			buildRules = (
			);
			dependencies = (
			);
			name = SubwayStation;
			packageProductDependencies = (
				8CFDE157274F2633008E4E1E /* SnapKit */,
				8CFDE15A274F266F008E4E1E /* Alamofire */,
			);
			productName = SubwayStation;
			productReference = 8CFDE13F274F25D4008E4E1E /* SubwayStation.app */;
			productType = "com.apple.product-type.application";
		};
/* End PBXNativeTarget section */

/* Begin PBXProject section */
		8CFDE137274F25D4008E4E1E /* Project object */ = {
			isa = PBXProject;
			attributes = {
				BuildIndependentTargetsInParallel = 1;
				LastSwiftUpdateCheck = 1310;
				LastUpgradeCheck = 1310;
				TargetAttributes = {
					8CFDE13E274F25D4008E4E1E = {
						CreatedOnToolsVersion = 13.1;
					};
				};
			};
			buildConfigurationList = 8CFDE13A274F25D4008E4E1E /* Build configuration list for PBXProject "SubwayStation" */;
			compatibilityVersion = "Xcode 13.0";
			developmentRegion = en;
			hasScannedForEncodings = 0;
			knownRegions = (
				en,
				Base,
			);
			mainGroup = 8CFDE136274F25D4008E4E1E;
			packageReferences = (
				8CFDE156274F2633008E4E1E /* XCRemoteSwiftPackageReference "SnapKit" */,
				8CFDE159274F266F008E4E1E /* XCRemoteSwiftPackageReference "Alamofire" */,
			);
			productRefGroup = 8CFDE140274F25D4008E4E1E /* Products */;
			projectDirPath = "";
			projectRoot = "";
			targets = (
				8CFDE13E274F25D4008E4E1E /* SubwayStation */,
			);
		};
/* End PBXProject section */

/* Begin PBXResourcesBuildPhase section */
		8CFDE13D274F25D4008E4E1E /* Resources */ = {
			isa = PBXResourcesBuildPhase;
			buildActionMask = 2147483647;
			files = (
				8CFDE14F274F25D5008E4E1E /* LaunchScreen.storyboard in Resources */,
				8CFDE14C274F25D5008E4E1E /* Assets.xcassets in Resources */,
			);
			runOnlyForDeploymentPostprocessing = 0;
		};
/* End PBXResourcesBuildPhase section */

/* Begin PBXSourcesBuildPhase section */
		8CFDE13B274F25D4008E4E1E /* Sources */ = {
			isa = PBXSourcesBuildPhase;
			buildActionMask = 2147483647;
			files = (
				8CFDE143274F25D4008E4E1E /* AppDelegate.swift in Sources */,
				8CFDE145274F25D4008E4E1E /* SceneDelegate.swift in Sources */,
				8CFDE164274F7493008E4E1E /* StationDetailCollectionViewCell.swift in Sources */,
				8CFDE15D274F283F008E4E1E /* StationSearchViewController.swift in Sources */,
				8CFDE166274F74B3008E4E1E /* StationArrivalDatResponseModel.swift in Sources */,
				8CFDE160274F33CA008E4E1E /* StationResponseModel.swift in Sources */,
				8CFDE162274F6579008E4E1E /* StationDetailViewController.swift in Sources */,
			);
			runOnlyForDeploymentPostprocessing = 0;
		};
/* End PBXSourcesBuildPhase section */

/* Begin PBXVariantGroup section */
		8CFDE14D274F25D5008E4E1E /* LaunchScreen.storyboard */ = {
			isa = PBXVariantGroup;
			children = (
				8CFDE14E274F25D5008E4E1E /* Base */,
			);
			name = LaunchScreen.storyboard;
			sourceTree = "<group>";
		};
/* End PBXVariantGroup section */

/* Begin XCBuildConfiguration section */
		8CFDE151274F25D5008E4E1E /* Debug */ = {
			isa = XCBuildConfiguration;
			buildSettings = {
				ALWAYS_SEARCH_USER_PATHS = NO;
				CLANG_ANALYZER_NONNULL = YES;
				CLANG_ANALYZER_NUMBER_OBJECT_CONVERSION = YES_AGGRESSIVE;
				CLANG_CXX_LANGUAGE_STANDARD = "gnu++17";
				CLANG_CXX_LIBRARY = "libc++";
				CLANG_ENABLE_MODULES = YES;
				CLANG_ENABLE_OBJC_ARC = YES;
				CLANG_ENABLE_OBJC_WEAK = YES;
				CLANG_WARN_BLOCK_CAPTURE_AUTORELEASING = YES;
				CLANG_WARN_BOOL_CONVERSION = YES;
				CLANG_WARN_COMMA = YES;
				CLANG_WARN_CONSTANT_CONVERSION = YES;
				CLANG_WARN_DEPRECATED_OBJC_IMPLEMENTATIONS = YES;
				CLANG_WARN_DIRECT_OBJC_ISA_USAGE = YES_ERROR;
				CLANG_WARN_DOCUMENTATION_COMMENTS = YES;
				CLANG_WARN_EMPTY_BODY = YES;
				CLANG_WARN_ENUM_CONVERSION = YES;
				CLANG_WARN_INFINITE_RECURSION = YES;
				CLANG_WARN_INT_CONVERSION = YES;
				CLANG_WARN_NON_LITERAL_NULL_CONVERSION = YES;
				CLANG_WARN_OBJC_IMPLICIT_RETAIN_SELF = YES;
				CLANG_WARN_OBJC_LITERAL_CONVERSION = YES;
				CLANG_WARN_OBJC_ROOT_CLASS = YES_ERROR;
				CLANG_WARN_QUOTED_INCLUDE_IN_FRAMEWORK_HEADER = YES;
				CLANG_WARN_RANGE_LOOP_ANALYSIS = YES;
				CLANG_WARN_STRICT_PROTOTYPES = YES;
				CLANG_WARN_SUSPICIOUS_MOVE = YES;
				CLANG_WARN_UNGUARDED_AVAILABILITY = YES_AGGRESSIVE;
				CLANG_WARN_UNREACHABLE_CODE = YES;
				CLANG_WARN__DUPLICATE_METHOD_MATCH = YES;
				COPY_PHASE_STRIP = NO;
				DEBUG_INFORMATION_FORMAT = dwarf;
				ENABLE_STRICT_OBJC_MSGSEND = YES;
				ENABLE_TESTABILITY = YES;
				GCC_C_LANGUAGE_STANDARD = gnu11;
				GCC_DYNAMIC_NO_PIC = NO;
				GCC_NO_COMMON_BLOCKS = YES;
				GCC_OPTIMIZATION_LEVEL = 0;
				GCC_PREPROCESSOR_DEFINITIONS = (
					"DEBUG=1",
					"$(inherited)",
				);
				GCC_WARN_64_TO_32_BIT_CONVERSION = YES;
				GCC_WARN_ABOUT_RETURN_TYPE = YES_ERROR;
				GCC_WARN_UNDECLARED_SELECTOR = YES;
				GCC_WARN_UNINITIALIZED_AUTOS = YES_AGGRESSIVE;
				GCC_WARN_UNUSED_FUNCTION = YES;
				GCC_WARN_UNUSED_VARIABLE = YES;
				IPHONEOS_DEPLOYMENT_TARGET = 15.0;
				MTL_ENABLE_DEBUG_INFO = INCLUDE_SOURCE;
				MTL_FAST_MATH = YES;
				ONLY_ACTIVE_ARCH = YES;
				SDKROOT = iphoneos;
				SWIFT_ACTIVE_COMPILATION_CONDITIONS = DEBUG;
				SWIFT_OPTIMIZATION_LEVEL = "-Onone";
			};
			name = Debug;
		};
		8CFDE152274F25D5008E4E1E /* Release */ = {
			isa = XCBuildConfiguration;
			buildSettings = {
				ALWAYS_SEARCH_USER_PATHS = NO;
				CLANG_ANALYZER_NONNULL = YES;
				CLANG_ANALYZER_NUMBER_OBJECT_CONVERSION = YES_AGGRESSIVE;
				CLANG_CXX_LANGUAGE_STANDARD = "gnu++17";
				CLANG_CXX_LIBRARY = "libc++";
				CLANG_ENABLE_MODULES = YES;
				CLANG_ENABLE_OBJC_ARC = YES;
				CLANG_ENABLE_OBJC_WEAK = YES;
				CLANG_WARN_BLOCK_CAPTURE_AUTORELEASING = YES;
				CLANG_WARN_BOOL_CONVERSION = YES;
				CLANG_WARN_COMMA = YES;
				CLANG_WARN_CONSTANT_CONVERSION = YES;
				CLANG_WARN_DEPRECATED_OBJC_IMPLEMENTATIONS = YES;
				CLANG_WARN_DIRECT_OBJC_ISA_USAGE = YES_ERROR;
				CLANG_WARN_DOCUMENTATION_COMMENTS = YES;
				CLANG_WARN_EMPTY_BODY = YES;
				CLANG_WARN_ENUM_CONVERSION = YES;
				CLANG_WARN_INFINITE_RECURSION = YES;
				CLANG_WARN_INT_CONVERSION = YES;
				CLANG_WARN_NON_LITERAL_NULL_CONVERSION = YES;
				CLANG_WARN_OBJC_IMPLICIT_RETAIN_SELF = YES;
				CLANG_WARN_OBJC_LITERAL_CONVERSION = YES;
				CLANG_WARN_OBJC_ROOT_CLASS = YES_ERROR;
				CLANG_WARN_QUOTED_INCLUDE_IN_FRAMEWORK_HEADER = YES;
				CLANG_WARN_RANGE_LOOP_ANALYSIS = YES;
				CLANG_WARN_STRICT_PROTOTYPES = YES;
				CLANG_WARN_SUSPICIOUS_MOVE = YES;
				CLANG_WARN_UNGUARDED_AVAILABILITY = YES_AGGRESSIVE;
				CLANG_WARN_UNREACHABLE_CODE = YES;
				CLANG_WARN__DUPLICATE_METHOD_MATCH = YES;
				COPY_PHASE_STRIP = NO;
				DEBUG_INFORMATION_FORMAT = "dwarf-with-dsym";
				ENABLE_NS_ASSERTIONS = NO;
				ENABLE_STRICT_OBJC_MSGSEND = YES;
				GCC_C_LANGUAGE_STANDARD = gnu11;
				GCC_NO_COMMON_BLOCKS = YES;
				GCC_WARN_64_TO_32_BIT_CONVERSION = YES;
				GCC_WARN_ABOUT_RETURN_TYPE = YES_ERROR;
				GCC_WARN_UNDECLARED_SELECTOR = YES;
				GCC_WARN_UNINITIALIZED_AUTOS = YES_AGGRESSIVE;
				GCC_WARN_UNUSED_FUNCTION = YES;
				GCC_WARN_UNUSED_VARIABLE = YES;
				IPHONEOS_DEPLOYMENT_TARGET = 15.0;
				MTL_ENABLE_DEBUG_INFO = NO;
				MTL_FAST_MATH = YES;
				SDKROOT = iphoneos;
				SWIFT_COMPILATION_MODE = wholemodule;
				SWIFT_OPTIMIZATION_LEVEL = "-O";
				VALIDATE_PRODUCT = YES;
			};
			name = Release;
		};
		8CFDE154274F25D5008E4E1E /* Debug */ = {
			isa = XCBuildConfiguration;
			buildSettings = {
				ASSETCATALOG_COMPILER_APPICON_NAME = AppIcon;
				ASSETCATALOG_COMPILER_GLOBAL_ACCENT_COLOR_NAME = AccentColor;
				CODE_SIGN_STYLE = Automatic;
				CURRENT_PROJECT_VERSION = 1;
				DEVELOPMENT_TEAM = UMYARP39QA;
				GENERATE_INFOPLIST_FILE = YES;
				INFOPLIST_FILE = SubwayStation/Info.plist;
				INFOPLIST_KEY_UIApplicationSupportsIndirectInputEvents = YES;
				INFOPLIST_KEY_UILaunchStoryboardName = LaunchScreen;
				INFOPLIST_KEY_UISupportedInterfaceOrientations_iPad = "UIInterfaceOrientationPortrait UIInterfaceOrientationPortraitUpsideDown UIInterfaceOrientationLandscapeLeft UIInterfaceOrientationLandscapeRight";
				INFOPLIST_KEY_UISupportedInterfaceOrientations_iPhone = "UIInterfaceOrientationPortrait UIInterfaceOrientationLandscapeLeft UIInterfaceOrientationLandscapeRight";
				LD_RUNPATH_SEARCH_PATHS = (
					"$(inherited)",
					"@executable_path/Frameworks",
				);
				MARKETING_VERSION = 1.0;
				PRODUCT_BUNDLE_IDENTIFIER = sungeun.SubwayStation;
				PRODUCT_NAME = "$(TARGET_NAME)";
				SWIFT_EMIT_LOC_STRINGS = YES;
				SWIFT_VERSION = 5.0;
				TARGETED_DEVICE_FAMILY = "1,2";
			};
			name = Debug;
		};
		8CFDE155274F25D5008E4E1E /* Release */ = {
			isa = XCBuildConfiguration;
			buildSettings = {
				ASSETCATALOG_COMPILER_APPICON_NAME = AppIcon;
				ASSETCATALOG_COMPILER_GLOBAL_ACCENT_COLOR_NAME = AccentColor;
				CODE_SIGN_STYLE = Automatic;
				CURRENT_PROJECT_VERSION = 1;
				DEVELOPMENT_TEAM = UMYARP39QA;
				GENERATE_INFOPLIST_FILE = YES;
				INFOPLIST_FILE = SubwayStation/Info.plist;
				INFOPLIST_KEY_UIApplicationSupportsIndirectInputEvents = YES;
				INFOPLIST_KEY_UILaunchStoryboardName = LaunchScreen;
				INFOPLIST_KEY_UISupportedInterfaceOrientations_iPad = "UIInterfaceOrientationPortrait UIInterfaceOrientationPortraitUpsideDown UIInterfaceOrientationLandscapeLeft UIInterfaceOrientationLandscapeRight";
				INFOPLIST_KEY_UISupportedInterfaceOrientations_iPhone = "UIInterfaceOrientationPortrait UIInterfaceOrientationLandscapeLeft UIInterfaceOrientationLandscapeRight";
				LD_RUNPATH_SEARCH_PATHS = (
					"$(inherited)",
					"@executable_path/Frameworks",
				);
				MARKETING_VERSION = 1.0;
				PRODUCT_BUNDLE_IDENTIFIER = sungeun.SubwayStation;
				PRODUCT_NAME = "$(TARGET_NAME)";
				SWIFT_EMIT_LOC_STRINGS = YES;
				SWIFT_VERSION = 5.0;
				TARGETED_DEVICE_FAMILY = "1,2";
			};
			name = Release;
		};
/* End XCBuildConfiguration section */

/* Begin XCConfigurationList section */
		8CFDE13A274F25D4008E4E1E /* Build configuration list for PBXProject "SubwayStation" */ = {
			isa = XCConfigurationList;
			buildConfigurations = (
				8CFDE151274F25D5008E4E1E /* Debug */,
				8CFDE152274F25D5008E4E1E /* Release */,
			);
			defaultConfigurationIsVisible = 0;
			defaultConfigurationName = Release;
		};
		8CFDE153274F25D5008E4E1E /* Build configuration list for PBXNativeTarget "SubwayStation" */ = {
			isa = XCConfigurationList;
			buildConfigurations = (
				8CFDE154274F25D5008E4E1E /* Debug */,
				8CFDE155274F25D5008E4E1E /* Release */,
			);
			defaultConfigurationIsVisible = 0;
			defaultConfigurationName = Release;
		};
/* End XCConfigurationList section */

/* Begin XCRemoteSwiftPackageReference section */
		8CFDE156274F2633008E4E1E /* XCRemoteSwiftPackageReference "SnapKit" */ = {
			isa = XCRemoteSwiftPackageReference;
			repositoryURL = "https://github.com/SnapKit/SnapKit.git";
			requirement = {
				kind = upToNextMajorVersion;
				minimumVersion = 5.0.0;
			};
		};
		8CFDE159274F266F008E4E1E /* XCRemoteSwiftPackageReference "Alamofire" */ = {
			isa = XCRemoteSwiftPackageReference;
			repositoryURL = "https://github.com/Alamofire/Alamofire.git";
			requirement = {
				kind = upToNextMajorVersion;
				minimumVersion = 5.0.0;
			};
		};
/* End XCRemoteSwiftPackageReference section */

/* Begin XCSwiftPackageProductDependency section */
		8CFDE157274F2633008E4E1E /* SnapKit */ = {
			isa = XCSwiftPackageProductDependency;
			package = 8CFDE156274F2633008E4E1E /* XCRemoteSwiftPackageReference "SnapKit" */;
			productName = SnapKit;
		};
		8CFDE15A274F266F008E4E1E /* Alamofire */ = {
			isa = XCSwiftPackageProductDependency;
			package = 8CFDE159274F266F008E4E1E /* XCRemoteSwiftPackageReference "Alamofire" */;
			productName = Alamofire;
		};
/* End XCSwiftPackageProductDependency section */
	};
	rootObject = 8CFDE137274F25D4008E4E1E /* Project object */;
}
